PODS:
  - MSREventBridge (0.5.0):
    - React
  - React (0.43.4):
    - React/Core (= 0.43.4)
  - React/Core (0.43.4):
    - React/cxxreact
    - Yoga (= 0.43.4.React)
  - React/cxxreact (0.43.4):
    - React/jschelpers
  - React/jschelpers (0.43.4)
  - React/RCTAnimation (0.43.4):
    - React/Core
  - React/RCTImage (0.43.4):
    - React/Core
    - React/RCTNetwork
  - React/RCTNetwork (0.43.4):
    - React/Core
  - React/RCTText (0.43.4):
    - React/Core
  - React/RCTWebSocket (0.43.4):
    - React/Core
  - Yoga (0.43.4.React)

DEPENDENCIES:
  - MSREventBridge (from `./ReactNativeEventBridgeSwift/ReactNative/node_modules/react-native-event-bridge/MSREventBridge.podspec`)
  - React/Core (from `./ReactNativeEventBridgeSwift/ReactNative/node_modules/react-native`)
  - React/RCTAnimation (from `./ReactNativeEventBridgeSwift/ReactNative/node_modules/react-native`)
  - React/RCTImage (from `./ReactNativeEventBridgeSwift/ReactNative/node_modules/react-native`)
  - React/RCTNetwork (from `./ReactNativeEventBridgeSwift/ReactNative/node_modules/react-native`)
  - React/RCTText (from `./ReactNativeEventBridgeSwift/ReactNative/node_modules/react-native`)
  - React/RCTWebSocket (from `./ReactNativeEventBridgeSwift/ReactNative/node_modules/react-native`)
  - Yoga (from `./ReactNativeEventBridgeSwift/ReactNative/node_modules/react-native/ReactCommon/yoga/Yoga.podspec`)

EXTERNAL SOURCES:
  MSREventBridge:
    :path: ./ReactNativeEventBridgeSwift/ReactNative/node_modules/react-native-event-bridge/MSREventBridge.podspec
  React:
    :path: ./ReactNativeEventBridgeSwift/ReactNative/node_modules/react-native
  Yoga:
    :path: ./ReactNativeEventBridgeSwift/ReactNative/node_modules/react-native/ReactCommon/yoga/Yoga.podspec

SPEC CHECKSUMS:
  MSREventBridge: f1e6a60f7e97527a70e0c5bc132b73836d976eb7
  React: 607aa7eb8b0e44b102f95f43fd49dc8aedefa93f
  Yoga: 2a70bc5ab41486a272b9fd5b76c482ba9268c5dd

PODFILE CHECKSUM: 4cdcecab372b943c84d14f03ecaded7b3f592b1d

COCOAPODS: 1.2.0
